// !$*UTF8*$!
{
	archiveVersion = 1;
	classes = {
	};
	objectVersion = 48;
	objects = {

/* Begin PBXBuildFile section */
		8419492020996EE30038C6B0 /* AppDelegate.m in Sources */ = {isa = PBXBuildFile; fileRef = 8419491F20996EE30038C6B0 /* AppDelegate.m */; };
		8419492620996EE40038C6B0 /* Main.storyboard in Resources */ = {isa = PBXBuildFile; fileRef = 8419492420996EE40038C6B0 /* Main.storyboard */; };
		8419492820996EE40038C6B0 /* Assets.xcassets in Resources */ = {isa = PBXBuildFile; fileRef = 8419492720996EE40038C6B0 /* Assets.xcassets */; };
		8419492B20996EE40038C6B0 /* LaunchScreen.storyboard in Resources */ = {isa = PBXBuildFile; fileRef = 8419492920996EE40038C6B0 /* LaunchScreen.storyboard */; };
		8419492E20996EE40038C6B0 /* main.m in Sources */ = {isa = PBXBuildFile; fileRef = 8419492D20996EE40038C6B0 /* main.m */; };
		8419493B20996F5C0038C6B0 /* Admin.m in Sources */ = {isa = PBXBuildFile; fileRef = 8419493A20996F5C0038C6B0 /* Admin.m */; };
		8419493F20996F8B0038C6B0 /* Room.m in Sources */ = {isa = PBXBuildFile; fileRef = 8419493E20996F8B0038C6B0 /* Room.m */; };
		8419494320996F980038C6B0 /* Student.m in Sources */ = {isa = PBXBuildFile; fileRef = 8419494220996F980038C6B0 /* Student.m */; };
		8419494720996FA40038C6B0 /* Setting.m in Sources */ = {isa = PBXBuildFile; fileRef = 8419494620996FA40038C6B0 /* Setting.m */; };
		8419494B20996FCB0038C6B0 /* DBManager.m in Sources */ = {isa = PBXBuildFile; fileRef = 8419494A20996FCB0038C6B0 /* DBManager.m */; };
		8419494F209979F60038C6B0 /* libsqlite3.tbd in Frameworks */ = {isa = PBXBuildFile; fileRef = 8419494E209979F60038C6B0 /* libsqlite3.tbd */; };
		8419495320997A620038C6B0 /* DBManager+Tables.m in Sources */ = {isa = PBXBuildFile; fileRef = 8419495220997A620038C6B0 /* DBManager+Tables.m */; };
		8419495820997D4D0038C6B0 /* LoginViewController.m in Sources */ = {isa = PBXBuildFile; fileRef = 8419495720997D4D0038C6B0 /* LoginViewController.m */; };
		84853E142099BDB000554D09 /* UIViewController+Alert.m in Sources */ = {isa = PBXBuildFile; fileRef = 84853E132099BDB000554D09 /* UIViewController+Alert.m */; };
		84853E192099BFAB00554D09 /* NSUserDefaults+Login.m in Sources */ = {isa = PBXBuildFile; fileRef = 84853E182099BFAB00554D09 /* NSUserDefaults+Login.m */; };
		849A71C4209AEA8000E03544 /* StudentTableViewController.m in Sources */ = {isa = PBXBuildFile; fileRef = 849A71C2209AEA8000E03544 /* StudentTableViewController.m */; };
		849A71C5209AEA8000E03544 /* StudentTableViewController.xib in Resources */ = {isa = PBXBuildFile; fileRef = 849A71C3209AEA8000E03544 /* StudentTableViewController.xib */; };
		849A71CE209AEAC400E03544 /* RoomCollectionViewController.m in Sources */ = {isa = PBXBuildFile; fileRef = 849A71CC209AEAC400E03544 /* RoomCollectionViewController.m */; };
		849A71CF209AEAC400E03544 /* RoomCollectionViewController.xib in Resources */ = {isa = PBXBuildFile; fileRef = 849A71CD209AEAC400E03544 /* RoomCollectionViewController.xib */; };
		849A71D8209AEB0B00E03544 /* SettingTableViewController.m in Sources */ = {isa = PBXBuildFile; fileRef = 849A71D6209AEB0B00E03544 /* SettingTableViewController.m */; };
		849A71D9209AEB0B00E03544 /* SettingTableViewController.xib in Resources */ = {isa = PBXBuildFile; fileRef = 849A71D7209AEB0B00E03544 /* SettingTableViewController.xib */; };
		849A71DD209AEB2500E03544 /* AdminViewController.m in Sources */ = {isa = PBXBuildFile; fileRef = 849A71DB209AEB2500E03544 /* AdminViewController.m */; };
		849A71DE209AEB2500E03544 /* AdminViewController.xib in Resources */ = {isa = PBXBuildFile; fileRef = 849A71DC209AEB2500E03544 /* AdminViewController.xib */; };
		849A71E7209AEC5F00E03544 /* CustomTabbarViewController.m in Sources */ = {isa = PBXBuildFile; fileRef = 849A71E5209AEC5F00E03544 /* CustomTabbarViewController.m */; };
		849A71E8209AEC5F00E03544 /* CustomTabbarViewController.xib in Resources */ = {isa = PBXBuildFile; fileRef = 849A71E6209AEC5F00E03544 /* CustomTabbarViewController.xib */; };
		849A71ED209AF26200E03544 /* RoomCollectionViewCell.m in Sources */ = {isa = PBXBuildFile; fileRef = 849A71EB209AF26200E03544 /* RoomCollectionViewCell.m */; };
		849A71EE209AF26200E03544 /* RoomCollectionViewCell.xib in Resources */ = {isa = PBXBuildFile; fileRef = 849A71EC209AF26200E03544 /* RoomCollectionViewCell.xib */; };
		849A71F1209B04B800E03544 /* RoomStoryboard.storyboard in Resources */ = {isa = PBXBuildFile; fileRef = 849A71EF209B04B800E03544 /* RoomStoryboard.storyboard */; };
		849A71F6209B08D000E03544 /* AddEditViewController.m in Sources */ = {isa = PBXBuildFile; fileRef = 849A71F4209B08D000E03544 /* AddEditViewController.m */; };
		849A71F7209B08D000E03544 /* AddEditViewController.xib in Resources */ = {isa = PBXBuildFile; fileRef = 849A71F5209B08D000E03544 /* AddEditViewController.xib */; };
		84D16F1F209B20D900D3B52D /* quanly.sqlite in Resources */ = {isa = PBXBuildFile; fileRef = 84D16F1E209B20D900D3B52D /* quanly.sqlite */; };
		84D16F23209B4A3A00D3B52D /* StudentStoryboard.storyboard in Resources */ = {isa = PBXBuildFile; fileRef = 84D16F22209B4A3A00D3B52D /* StudentStoryboard.storyboard */; };
/* End PBXBuildFile section */

/* Begin PBXFileReference section */
		8419491B20996EE30038C6B0 /* QuanLyKTX.app */ = {isa = PBXFileReference; explicitFileType = wrapper.application; includeInIndex = 0; path = QuanLyKTX.app; sourceTree = BUILT_PRODUCTS_DIR; };
		8419491E20996EE30038C6B0 /* AppDelegate.h */ = {isa = PBXFileReference; lastKnownFileType = sourcecode.c.h; path = AppDelegate.h; sourceTree = "<group>"; };
		8419491F20996EE30038C6B0 /* AppDelegate.m */ = {isa = PBXFileReference; lastKnownFileType = sourcecode.c.objc; path = AppDelegate.m; sourceTree = "<group>"; };
		8419492520996EE40038C6B0 /* Base */ = {isa = PBXFileReference; lastKnownFileType = file.storyboard; name = Base; path = Base.lproj/Main.storyboard; sourceTree = "<group>"; };
		8419492720996EE40038C6B0 /* Assets.xcassets */ = {isa = PBXFileReference; lastKnownFileType = folder.assetcatalog; path = Assets.xcassets; sourceTree = "<group>"; };
		8419492A20996EE40038C6B0 /* Base */ = {isa = PBXFileReference; lastKnownFileType = file.storyboard; name = Base; path = Base.lproj/LaunchScreen.storyboard; sourceTree = "<group>"; };
		8419492C20996EE40038C6B0 /* Info.plist */ = {isa = PBXFileReference; lastKnownFileType = text.plist.xml; path = Info.plist; sourceTree = "<group>"; };
		8419492D20996EE40038C6B0 /* main.m */ = {isa = PBXFileReference; lastKnownFileType = sourcecode.c.objc; path = main.m; sourceTree = "<group>"; };
		8419493920996F5C0038C6B0 /* Admin.h */ = {isa = PBXFileReference; lastKnownFileType = sourcecode.c.h; path = Admin.h; sourceTree = "<group>"; };
		8419493A20996F5C0038C6B0 /* Admin.m */ = {isa = PBXFileReference; lastKnownFileType = sourcecode.c.objc; path = Admin.m; sourceTree = "<group>"; };
		8419493D20996F8B0038C6B0 /* Room.h */ = {isa = PBXFileReference; lastKnownFileType = sourcecode.c.h; path = Room.h; sourceTree = "<group>"; };
		8419493E20996F8B0038C6B0 /* Room.m */ = {isa = PBXFileReference; lastKnownFileType = sourcecode.c.objc; path = Room.m; sourceTree = "<group>"; };
		8419494120996F980038C6B0 /* Student.h */ = {isa = PBXFileReference; lastKnownFileType = sourcecode.c.h; path = Student.h; sourceTree = "<group>"; };
		8419494220996F980038C6B0 /* Student.m */ = {isa = PBXFileReference; lastKnownFileType = sourcecode.c.objc; path = Student.m; sourceTree = "<group>"; };
		8419494520996FA40038C6B0 /* Setting.h */ = {isa = PBXFileReference; lastKnownFileType = sourcecode.c.h; path = Setting.h; sourceTree = "<group>"; };
		8419494620996FA40038C6B0 /* Setting.m */ = {isa = PBXFileReference; lastKnownFileType = sourcecode.c.objc; path = Setting.m; sourceTree = "<group>"; };
		8419494920996FCB0038C6B0 /* DBManager.h */ = {isa = PBXFileReference; lastKnownFileType = sourcecode.c.h; path = DBManager.h; sourceTree = "<group>"; };
		8419494A20996FCB0038C6B0 /* DBManager.m */ = {isa = PBXFileReference; lastKnownFileType = sourcecode.c.objc; path = DBManager.m; sourceTree = "<group>"; };
		8419494C20996FE00038C6B0 /* Define.h */ = {isa = PBXFileReference; lastKnownFileType = sourcecode.c.h; path = Define.h; sourceTree = "<group>"; };
		8419494E209979F60038C6B0 /* libsqlite3.tbd */ = {isa = PBXFileReference; lastKnownFileType = "sourcecode.text-based-dylib-definition"; name = libsqlite3.tbd; path = usr/lib/libsqlite3.tbd; sourceTree = SDKROOT; };
		8419495120997A620038C6B0 /* DBManager+Tables.h */ = {isa = PBXFileReference; lastKnownFileType = sourcecode.c.h; path = "DBManager+Tables.h"; sourceTree = "<group>"; };
		8419495220997A620038C6B0 /* DBManager+Tables.m */ = {isa = PBXFileReference; lastKnownFileType = sourcecode.c.objc; path = "DBManager+Tables.m"; sourceTree = "<group>"; };
		8419495620997D4D0038C6B0 /* LoginViewController.h */ = {isa = PBXFileReference; lastKnownFileType = sourcecode.c.h; path = LoginViewController.h; sourceTree = "<group>"; };
		8419495720997D4D0038C6B0 /* LoginViewController.m */ = {isa = PBXFileReference; lastKnownFileType = sourcecode.c.objc; path = LoginViewController.m; sourceTree = "<group>"; };
		84853E122099BDB000554D09 /* UIViewController+Alert.h */ = {isa = PBXFileReference; lastKnownFileType = sourcecode.c.h; path = "UIViewController+Alert.h"; sourceTree = "<group>"; };
		84853E132099BDB000554D09 /* UIViewController+Alert.m */ = {isa = PBXFileReference; lastKnownFileType = sourcecode.c.objc; path = "UIViewController+Alert.m"; sourceTree = "<group>"; };
		84853E172099BFAB00554D09 /* NSUserDefaults+Login.h */ = {isa = PBXFileReference; lastKnownFileType = sourcecode.c.h; path = "NSUserDefaults+Login.h"; sourceTree = "<group>"; };
		84853E182099BFAB00554D09 /* NSUserDefaults+Login.m */ = {isa = PBXFileReference; lastKnownFileType = sourcecode.c.objc; path = "NSUserDefaults+Login.m"; sourceTree = "<group>"; };
		849A71C1209AEA8000E03544 /* StudentTableViewController.h */ = {isa = PBXFileReference; lastKnownFileType = sourcecode.c.h; path = StudentTableViewController.h; sourceTree = "<group>"; };
		849A71C2209AEA8000E03544 /* StudentTableViewController.m */ = {isa = PBXFileReference; lastKnownFileType = sourcecode.c.objc; path = StudentTableViewController.m; sourceTree = "<group>"; };
		849A71C3209AEA8000E03544 /* StudentTableViewController.xib */ = {isa = PBXFileReference; lastKnownFileType = file.xib; path = StudentTableViewController.xib; sourceTree = "<group>"; };
		849A71CB209AEAC400E03544 /* RoomCollectionViewController.h */ = {isa = PBXFileReference; lastKnownFileType = sourcecode.c.h; path = RoomCollectionViewController.h; sourceTree = "<group>"; };
		849A71CC209AEAC400E03544 /* RoomCollectionViewController.m */ = {isa = PBXFileReference; lastKnownFileType = sourcecode.c.objc; path = RoomCollectionViewController.m; sourceTree = "<group>"; };
		849A71CD209AEAC400E03544 /* RoomCollectionViewController.xib */ = {isa = PBXFileReference; lastKnownFileType = file.xib; path = RoomCollectionViewController.xib; sourceTree = "<group>"; };
		849A71D5209AEB0B00E03544 /* SettingTableViewController.h */ = {isa = PBXFileReference; lastKnownFileType = sourcecode.c.h; path = SettingTableViewController.h; sourceTree = "<group>"; };
		849A71D6209AEB0B00E03544 /* SettingTableViewController.m */ = {isa = PBXFileReference; lastKnownFileType = sourcecode.c.objc; path = SettingTableViewController.m; sourceTree = "<group>"; };
		849A71D7209AEB0B00E03544 /* SettingTableViewController.xib */ = {isa = PBXFileReference; lastKnownFileType = file.xib; path = SettingTableViewController.xib; sourceTree = "<group>"; };
		849A71DA209AEB2500E03544 /* AdminViewController.h */ = {isa = PBXFileReference; lastKnownFileType = sourcecode.c.h; path = AdminViewController.h; sourceTree = "<group>"; };
		849A71DB209AEB2500E03544 /* AdminViewController.m */ = {isa = PBXFileReference; lastKnownFileType = sourcecode.c.objc; path = AdminViewController.m; sourceTree = "<group>"; };
		849A71DC209AEB2500E03544 /* AdminViewController.xib */ = {isa = PBXFileReference; lastKnownFileType = file.xib; path = AdminViewController.xib; sourceTree = "<group>"; };
		849A71E4209AEC5F00E03544 /* CustomTabbarViewController.h */ = {isa = PBXFileReference; lastKnownFileType = sourcecode.c.h; path = CustomTabbarViewController.h; sourceTree = "<group>"; };
		849A71E5209AEC5F00E03544 /* CustomTabbarViewController.m */ = {isa = PBXFileReference; lastKnownFileType = sourcecode.c.objc; path = CustomTabbarViewController.m; sourceTree = "<group>"; };
		849A71E6209AEC5F00E03544 /* CustomTabbarViewController.xib */ = {isa = PBXFileReference; lastKnownFileType = file.xib; path = CustomTabbarViewController.xib; sourceTree = "<group>"; };
		849A71EA209AF26200E03544 /* RoomCollectionViewCell.h */ = {isa = PBXFileReference; lastKnownFileType = sourcecode.c.h; path = RoomCollectionViewCell.h; sourceTree = "<group>"; };
		849A71EB209AF26200E03544 /* RoomCollectionViewCell.m */ = {isa = PBXFileReference; lastKnownFileType = sourcecode.c.objc; path = RoomCollectionViewCell.m; sourceTree = "<group>"; };
		849A71EC209AF26200E03544 /* RoomCollectionViewCell.xib */ = {isa = PBXFileReference; lastKnownFileType = file.xib; path = RoomCollectionViewCell.xib; sourceTree = "<group>"; };
		849A71F0209B04B800E03544 /* Base */ = {isa = PBXFileReference; lastKnownFileType = file.storyboard; name = Base; path = QuanLyKTX/Storyboards/Base.lproj/RoomStoryboard.storyboard; sourceTree = "<group>"; };
		849A71F3209B08D000E03544 /* AddEditViewController.h */ = {isa = PBXFileReference; lastKnownFileType = sourcecode.c.h; path = AddEditViewController.h; sourceTree = "<group>"; };
		849A71F4209B08D000E03544 /* AddEditViewController.m */ = {isa = PBXFileReference; lastKnownFileType = sourcecode.c.objc; path = AddEditViewController.m; sourceTree = "<group>"; };
		849A71F5209B08D000E03544 /* AddEditViewController.xib */ = {isa = PBXFileReference; lastKnownFileType = file.xib; path = AddEditViewController.xib; sourceTree = "<group>"; };
		84D16F1E209B20D900D3B52D /* quanly.sqlite */ = {isa = PBXFileReference; lastKnownFileType = file; path = quanly.sqlite; sourceTree = "<group>"; };
		84D16F21209B331500D3B52D /* RoomActionDelegate.h */ = {isa = PBXFileReference; lastKnownFileType = sourcecode.c.h; path = RoomActionDelegate.h; sourceTree = "<group>"; };
		84D16F22209B4A3A00D3B52D /* StudentStoryboard.storyboard */ = {isa = PBXFileReference; fileEncoding = 4; lastKnownFileType = file.storyboard; path = StudentStoryboard.storyboard; sourceTree = "<group>"; };
/* End PBXFileReference section */

/* Begin PBXFrameworksBuildPhase section */
		8419491820996EE30038C6B0 /* Frameworks */ = {
			isa = PBXFrameworksBuildPhase;
			buildActionMask = 2147483647;
			files = (
				8419494F209979F60038C6B0 /* libsqlite3.tbd in Frameworks */,
			);
			runOnlyForDeploymentPostprocessing = 0;
		};
/* End PBXFrameworksBuildPhase section */

/* Begin PBXGroup section */
		8419491220996EE30038C6B0 = {
			isa = PBXGroup;
			children = (
				8419491D20996EE30038C6B0 /* QuanLyKTX */,
				8419491C20996EE30038C6B0 /* Products */,
				8419494D209979F60038C6B0 /* Frameworks */,
			);
			sourceTree = "<group>";
		};
		8419491C20996EE30038C6B0 /* Products */ = {
			isa = PBXGroup;
			children = (
				8419491B20996EE30038C6B0 /* QuanLyKTX.app */,
			);
			name = Products;
			sourceTree = "<group>";
		};
		8419491D20996EE30038C6B0 /* QuanLyKTX */ = {
			isa = PBXGroup;
			children = (
				84D16F1E209B20D900D3B52D /* quanly.sqlite */,
				8419493420996EF70038C6B0 /* Common */,
				8419493520996F1A0038C6B0 /* Database */,
				8419493720996F280038C6B0 /* Models */,
				849A71E9209AF24000E03544 /* Cells */,
				8419493620996F220038C6B0 /* ViewControllers */,
				8419495420997CDF0038C6B0 /* Storyboards */,
				84853E112099BD6300554D09 /* Categories */,
				849F218D2099A3F4008AA849 /* Delegates */,
				8419492720996EE40038C6B0 /* Assets.xcassets */,
				8419492C20996EE40038C6B0 /* Info.plist */,
				8419492D20996EE40038C6B0 /* main.m */,
			);
			path = QuanLyKTX;
			sourceTree = "<group>";
		};
		8419493420996EF70038C6B0 /* Common */ = {
			isa = PBXGroup;
			children = (
				8419494C20996FE00038C6B0 /* Define.h */,
			);
			path = Common;
			sourceTree = "<group>";
		};
		8419493520996F1A0038C6B0 /* Database */ = {
			isa = PBXGroup;
			children = (
				8419495020997A470038C6B0 /* DBManager+Tables */,
				8419494820996FBD0038C6B0 /* DBManager */,
			);
			path = Database;
			sourceTree = "<group>";
		};
		8419493620996F220038C6B0 /* ViewControllers */ = {
			isa = PBXGroup;
			children = (
				84D16F24209B4E1E00D3B52D /* AddEditStudentViewController */,
				849A71F2209B08B400E03544 /* AddEditRoomViewController */,
				849A71CA209AEAB300E03544 /* RoomCollectionViewController */,
				849A71C0209AEA1D00E03544 /* StudentTableViewController */,
				849A71D4209AEAF900E03544 /* SettingTableViewController */,
				849A71DF209AEB2B00E03544 /* AdminViewController */,
				849A71E0209AEC0600E03544 /* CustomTabbarViewController */,
				8419495520997D260038C6B0 /* LoginViewController */,
			);
			path = ViewControllers;
			sourceTree = "<group>";
		};
		8419493720996F280038C6B0 /* Models */ = {
			isa = PBXGroup;
			children = (
				8419493820996F450038C6B0 /* Admin */,
				8419493C20996F5F0038C6B0 /* Room */,
				8419494020996F8E0038C6B0 /* Student */,
				8419494420996F9B0038C6B0 /* Setting */,
			);
			path = Models;
			sourceTree = "<group>";
		};
		8419493820996F450038C6B0 /* Admin */ = {
			isa = PBXGroup;
			children = (
				8419493920996F5C0038C6B0 /* Admin.h */,
				8419493A20996F5C0038C6B0 /* Admin.m */,
			);
			path = Admin;
			sourceTree = "<group>";
		};
		8419493C20996F5F0038C6B0 /* Room */ = {
			isa = PBXGroup;
			children = (
				8419493D20996F8B0038C6B0 /* Room.h */,
				8419493E20996F8B0038C6B0 /* Room.m */,
			);
			path = Room;
			sourceTree = "<group>";
		};
		8419494020996F8E0038C6B0 /* Student */ = {
			isa = PBXGroup;
			children = (
				8419494120996F980038C6B0 /* Student.h */,
				8419494220996F980038C6B0 /* Student.m */,
			);
			path = Student;
			sourceTree = "<group>";
		};
		8419494420996F9B0038C6B0 /* Setting */ = {
			isa = PBXGroup;
			children = (
				8419494520996FA40038C6B0 /* Setting.h */,
				8419494620996FA40038C6B0 /* Setting.m */,
			);
			path = Setting;
			sourceTree = "<group>";
		};
		8419494820996FBD0038C6B0 /* DBManager */ = {
			isa = PBXGroup;
			children = (
				8419494920996FCB0038C6B0 /* DBManager.h */,
				8419494A20996FCB0038C6B0 /* DBManager.m */,
			);
			path = DBManager;
			sourceTree = "<group>";
		};
		8419494D209979F60038C6B0 /* Frameworks */ = {
			isa = PBXGroup;
			children = (
				8419494E209979F60038C6B0 /* libsqlite3.tbd */,
			);
			name = Frameworks;
			sourceTree = "<group>";
		};
		8419495020997A470038C6B0 /* DBManager+Tables */ = {
			isa = PBXGroup;
			children = (
				8419495120997A620038C6B0 /* DBManager+Tables.h */,
				8419495220997A620038C6B0 /* DBManager+Tables.m */,
			);
			path = "DBManager+Tables";
			sourceTree = "<group>";
		};
		8419495420997CDF0038C6B0 /* Storyboards */ = {
			isa = PBXGroup;
			children = (
				84D16F22209B4A3A00D3B52D /* StudentStoryboard.storyboard */,
				849A71EF209B04B800E03544 /* RoomStoryboard.storyboard */,
				8419492420996EE40038C6B0 /* Main.storyboard */,
				8419492920996EE40038C6B0 /* LaunchScreen.storyboard */,
			);
			path = Storyboards;
			sourceTree = "<group>";
		};
		8419495520997D260038C6B0 /* LoginViewController */ = {
			isa = PBXGroup;
			children = (
				8419495620997D4D0038C6B0 /* LoginViewController.h */,
				8419495720997D4D0038C6B0 /* LoginViewController.m */,
			);
			path = LoginViewController;
			sourceTree = "<group>";
		};
		84853E112099BD6300554D09 /* Categories */ = {
			isa = PBXGroup;
			children = (
				84853E162099BF7500554D09 /* NSUserDefault+Login */,
				84853E152099BF6900554D09 /* UIViewController+Alert */,
			);
			path = Categories;
			sourceTree = "<group>";
		};
		84853E152099BF6900554D09 /* UIViewController+Alert */ = {
			isa = PBXGroup;
			children = (
				84853E122099BDB000554D09 /* UIViewController+Alert.h */,
				84853E132099BDB000554D09 /* UIViewController+Alert.m */,
			);
			path = "UIViewController+Alert";
			sourceTree = "<group>";
		};
		84853E162099BF7500554D09 /* NSUserDefault+Login */ = {
			isa = PBXGroup;
			children = (
				84853E172099BFAB00554D09 /* NSUserDefaults+Login.h */,
				84853E182099BFAB00554D09 /* NSUserDefaults+Login.m */,
			);
			path = "NSUserDefault+Login";
			sourceTree = "<group>";
		};
		849A71C0209AEA1D00E03544 /* StudentTableViewController */ = {
			isa = PBXGroup;
			children = (
				849A71C1209AEA8000E03544 /* StudentTableViewController.h */,
				849A71C2209AEA8000E03544 /* StudentTableViewController.m */,
				849A71C3209AEA8000E03544 /* StudentTableViewController.xib */,
			);
			path = StudentTableViewController;
			sourceTree = "<group>";
		};
		849A71CA209AEAB300E03544 /* RoomCollectionViewController */ = {
			isa = PBXGroup;
			children = (
				849A71CB209AEAC400E03544 /* RoomCollectionViewController.h */,
				849A71CC209AEAC400E03544 /* RoomCollectionViewController.m */,
				849A71CD209AEAC400E03544 /* RoomCollectionViewController.xib */,
			);
			name = RoomCollectionViewController;
			path = "New Group1";
			sourceTree = "<group>";
		};
		849A71D4209AEAF900E03544 /* SettingTableViewController */ = {
			isa = PBXGroup;
			children = (
				849A71D5209AEB0B00E03544 /* SettingTableViewController.h */,
				849A71D6209AEB0B00E03544 /* SettingTableViewController.m */,
				849A71D7209AEB0B00E03544 /* SettingTableViewController.xib */,
			);
			path = SettingTableViewController;
			sourceTree = "<group>";
		};
		849A71DF209AEB2B00E03544 /* AdminViewController */ = {
			isa = PBXGroup;
			children = (
				849A71DA209AEB2500E03544 /* AdminViewController.h */,
				849A71DB209AEB2500E03544 /* AdminViewController.m */,
				849A71DC209AEB2500E03544 /* AdminViewController.xib */,
			);
			path = AdminViewController;
			sourceTree = "<group>";
		};
		849A71E0209AEC0600E03544 /* CustomTabbarViewController */ = {
			isa = PBXGroup;
			children = (
				849A71E4209AEC5F00E03544 /* CustomTabbarViewController.h */,
				849A71E5209AEC5F00E03544 /* CustomTabbarViewController.m */,
				849A71E6209AEC5F00E03544 /* CustomTabbarViewController.xib */,
			);
			path = CustomTabbarViewController;
			sourceTree = "<group>";
		};
		849A71E9209AF24000E03544 /* Cells */ = {
			isa = PBXGroup;
			children = (
				849A71EA209AF26200E03544 /* RoomCollectionViewCell.h */,
				849A71EB209AF26200E03544 /* RoomCollectionViewCell.m */,
				849A71EC209AF26200E03544 /* RoomCollectionViewCell.xib */,
			);
			path = Cells;
			sourceTree = "<group>";
		};
		849A71F2209B08B400E03544 /* AddEditRoomViewController */ = {
			isa = PBXGroup;
			children = (
				849A71F3209B08D000E03544 /* AddEditViewController.h */,
				849A71F4209B08D000E03544 /* AddEditViewController.m */,
				849A71F5209B08D000E03544 /* AddEditViewController.xib */,
			);
			path = AddEditRoomViewController;
			sourceTree = "<group>";
		};
		849A71F8209B110200E03544 /* AppDelegate */ = {
			isa = PBXGroup;
			children = (
				8419491F20996EE30038C6B0 /* AppDelegate.m */,
				8419491E20996EE30038C6B0 /* AppDelegate.h */,
			);
			path = AppDelegate;
			sourceTree = "<group>";
		};
		849F218D2099A3F4008AA849 /* Delegates */ = {
			isa = PBXGroup;
			children = (
				84D16F20209B32E200D3B52D /* RoomActionDelegate */,
				849A71F8209B110200E03544 /* AppDelegate */,
			);
			path = Delegates;
			sourceTree = "<group>";
		};
		84D16F20209B32E200D3B52D /* RoomActionDelegate */ = {
			isa = PBXGroup;
			children = (
				84D16F21209B331500D3B52D /* RoomActionDelegate.h */,
			);
			path = RoomActionDelegate;
			sourceTree = "<group>";
		};
		84D16F24209B4E1E00D3B52D /* AddEditStudentViewController */ = {
			isa = PBXGroup;
			children = (
			);
			path = AddEditStudentViewController;
			sourceTree = "<group>";
		};
/* End PBXGroup section */

/* Begin PBXNativeTarget section */
		8419491A20996EE30038C6B0 /* QuanLyKTX */ = {
			isa = PBXNativeTarget;
			buildConfigurationList = 8419493120996EE40038C6B0 /* Build configuration list for PBXNativeTarget "QuanLyKTX" */;
			buildPhases = (
				8419491720996EE30038C6B0 /* Sources */,
				8419491820996EE30038C6B0 /* Frameworks */,
				8419491920996EE30038C6B0 /* Resources */,
			);
			buildRules = (
			);
			dependencies = (
			);
			name = QuanLyKTX;
			productName = QuanLyKTX;
			productReference = 8419491B20996EE30038C6B0 /* QuanLyKTX.app */;
			productType = "com.apple.product-type.application";
		};
/* End PBXNativeTarget section */

/* Begin PBXProject section */
		8419491320996EE30038C6B0 /* Project object */ = {
			isa = PBXProject;
			attributes = {
				LastUpgradeCheck = 0920;
				ORGANIZATIONNAME = "Nguyen Nam";
				TargetAttributes = {
					8419491A20996EE30038C6B0 = {
						CreatedOnToolsVersion = 9.2;
						ProvisioningStyle = Automatic;
					};
				};
			};
			buildConfigurationList = 8419491620996EE30038C6B0 /* Build configuration list for PBXProject "QuanLyKTX" */;
			compatibilityVersion = "Xcode 8.0";
			developmentRegion = en;
			hasScannedForEncodings = 0;
			knownRegions = (
				en,
				Base,
			);
			mainGroup = 8419491220996EE30038C6B0;
			productRefGroup = 8419491C20996EE30038C6B0 /* Products */;
			projectDirPath = "";
			projectRoot = "";
			targets = (
				8419491A20996EE30038C6B0 /* QuanLyKTX */,
			);
		};
/* End PBXProject section */

/* Begin PBXResourcesBuildPhase section */
		8419491920996EE30038C6B0 /* Resources */ = {
			isa = PBXResourcesBuildPhase;
			buildActionMask = 2147483647;
			files = (
				849A71DE209AEB2500E03544 /* AdminViewController.xib in Resources */,
				849A71CF209AEAC400E03544 /* RoomCollectionViewController.xib in Resources */,
				849A71C5209AEA8000E03544 /* StudentTableViewController.xib in Resources */,
				849A71D9209AEB0B00E03544 /* SettingTableViewController.xib in Resources */,
				8419492B20996EE40038C6B0 /* LaunchScreen.storyboard in Resources */,
				8419492820996EE40038C6B0 /* Assets.xcassets in Resources */,
				849A71EE209AF26200E03544 /* RoomCollectionViewCell.xib in Resources */,
				84D16F1F209B20D900D3B52D /* quanly.sqlite in Resources */,
				8419492620996EE40038C6B0 /* Main.storyboard in Resources */,
				849A71F1209B04B800E03544 /* RoomStoryboard.storyboard in Resources */,
				849A71F7209B08D000E03544 /* AddEditViewController.xib in Resources */,
				84D16F23209B4A3A00D3B52D /* StudentStoryboard.storyboard in Resources */,
				849A71E8209AEC5F00E03544 /* CustomTabbarViewController.xib in Resources */,
			);
			runOnlyForDeploymentPostprocessing = 0;
		};
/* End PBXResourcesBuildPhase section */

/* Begin PBXSourcesBuildPhase section */
		8419491720996EE30038C6B0 /* Sources */ = {
			isa = PBXSourcesBuildPhase;
			buildActionMask = 2147483647;
			files = (
				84853E142099BDB000554D09 /* UIViewController+Alert.m in Sources */,
				8419494720996FA40038C6B0 /* Setting.m in Sources */,
				849A71E7209AEC5F00E03544 /* CustomTabbarViewController.m in Sources */,
				849A71DD209AEB2500E03544 /* AdminViewController.m in Sources */,
				849A71CE209AEAC400E03544 /* RoomCollectionViewController.m in Sources */,
				8419493F20996F8B0038C6B0 /* Room.m in Sources */,
				8419492E20996EE40038C6B0 /* main.m in Sources */,
				8419495320997A620038C6B0 /* DBManager+Tables.m in Sources */,
				849A71C4209AEA8000E03544 /* StudentTableViewController.m in Sources */,
				8419492020996EE30038C6B0 /* AppDelegate.m in Sources */,
				8419495820997D4D0038C6B0 /* LoginViewController.m in Sources */,
				849A71ED209AF26200E03544 /* RoomCollectionViewCell.m in Sources */,
				8419493B20996F5C0038C6B0 /* Admin.m in Sources */,
				8419494320996F980038C6B0 /* Student.m in Sources */,
				849A71D8209AEB0B00E03544 /* SettingTableViewController.m in Sources */,
				849A71F6209B08D000E03544 /* AddEditViewController.m in Sources */,
				84853E192099BFAB00554D09 /* NSUserDefaults+Login.m in Sources */,
				8419494B20996FCB0038C6B0 /* DBManager.m in Sources */,
			);
			runOnlyForDeploymentPostprocessing = 0;
		};
/* End PBXSourcesBuildPhase section */

/* Begin PBXVariantGroup section */
		8419492420996EE40038C6B0 /* Main.storyboard */ = {
			isa = PBXVariantGroup;
			children = (
				8419492520996EE40038C6B0 /* Base */,
			);
			name = Main.storyboard;
			sourceTree = "<group>";
		};
		8419492920996EE40038C6B0 /* LaunchScreen.storyboard */ = {
			isa = PBXVariantGroup;
			children = (
				8419492A20996EE40038C6B0 /* Base */,
			);
			name = LaunchScreen.storyboard;
			sourceTree = "<group>";
		};
		849A71EF209B04B800E03544 /* RoomStoryboard.storyboard */ = {
			isa = PBXVariantGroup;
			children = (
				849A71F0209B04B800E03544 /* Base */,
			);
			name = RoomStoryboard.storyboard;
			sourceTree = "<group>";
		};
/* End PBXVariantGroup section */

/* Begin XCBuildConfiguration section */
		8419492F20996EE40038C6B0 /* Debug */ = {
			isa = XCBuildConfiguration;
			buildSettings = {
				ALWAYS_SEARCH_USER_PATHS = NO;
				CLANG_ANALYZER_NONNULL = YES;
				CLANG_ANALYZER_NUMBER_OBJECT_CONVERSION = YES_AGGRESSIVE;
				CLANG_CXX_LANGUAGE_STANDARD = "gnu++14";
				CLANG_CXX_LIBRARY = "libc++";
				CLANG_ENABLE_MODULES = YES;
				CLANG_ENABLE_OBJC_ARC = YES;
				CLANG_WARN_BLOCK_CAPTURE_AUTORELEASING = YES;
				CLANG_WARN_BOOL_CONVERSION = YES;
				CLANG_WARN_COMMA = YES;
				CLANG_WARN_CONSTANT_CONVERSION = YES;
				CLANG_WARN_DIRECT_OBJC_ISA_USAGE = YES_ERROR;
				CLANG_WARN_DOCUMENTATION_COMMENTS = YES;
				CLANG_WARN_EMPTY_BODY = YES;
				CLANG_WARN_ENUM_CONVERSION = YES;
				CLANG_WARN_INFINITE_RECURSION = YES;
				CLANG_WARN_INT_CONVERSION = YES;
				CLANG_WARN_NON_LITERAL_NULL_CONVERSION = YES;
				CLANG_WARN_OBJC_LITERAL_CONVERSION = YES;
				CLANG_WARN_OBJC_ROOT_CLASS = YES_ERROR;
				CLANG_WARN_RANGE_LOOP_ANALYSIS = YES;
				CLANG_WARN_STRICT_PROTOTYPES = YES;
				CLANG_WARN_SUSPICIOUS_MOVE = YES;
				CLANG_WARN_UNGUARDED_AVAILABILITY = YES_AGGRESSIVE;
				CLANG_WARN_UNREACHABLE_CODE = YES;
				CLANG_WARN__DUPLICATE_METHOD_MATCH = YES;
				CODE_SIGN_IDENTITY = "iPhone Developer";
				COPY_PHASE_STRIP = NO;
				DEBUG_INFORMATION_FORMAT = dwarf;
				ENABLE_STRICT_OBJC_MSGSEND = YES;
				ENABLE_TESTABILITY = YES;
				GCC_C_LANGUAGE_STANDARD = gnu11;
				GCC_DYNAMIC_NO_PIC = NO;
				GCC_NO_COMMON_BLOCKS = YES;
				GCC_OPTIMIZATION_LEVEL = 0;
				GCC_PREPROCESSOR_DEFINITIONS = (
					"DEBUG=1",
					"$(inherited)",
				);
				GCC_WARN_64_TO_32_BIT_CONVERSION = YES;
				GCC_WARN_ABOUT_RETURN_TYPE = YES_ERROR;
				GCC_WARN_UNDECLARED_SELECTOR = YES;
				GCC_WARN_UNINITIALIZED_AUTOS = YES_AGGRESSIVE;
				GCC_WARN_UNUSED_FUNCTION = YES;
				GCC_WARN_UNUSED_VARIABLE = YES;
				IPHONEOS_DEPLOYMENT_TARGET = 11.2;
				MTL_ENABLE_DEBUG_INFO = YES;
				ONLY_ACTIVE_ARCH = YES;
				SDKROOT = iphoneos;
			};
			name = Debug;
		};
		8419493020996EE40038C6B0 /* Release */ = {
			isa = XCBuildConfiguration;
			buildSettings = {
				ALWAYS_SEARCH_USER_PATHS = NO;
				CLANG_ANALYZER_NONNULL = YES;
				CLANG_ANALYZER_NUMBER_OBJECT_CONVERSION = YES_AGGRESSIVE;
				CLANG_CXX_LANGUAGE_STANDARD = "gnu++14";
				CLANG_CXX_LIBRARY = "libc++";
				CLANG_ENABLE_MODULES = YES;
				CLANG_ENABLE_OBJC_ARC = YES;
				CLANG_WARN_BLOCK_CAPTURE_AUTORELEASING = YES;
				CLANG_WARN_BOOL_CONVERSION = YES;
				CLANG_WARN_COMMA = YES;
				CLANG_WARN_CONSTANT_CONVERSION = YES;
				CLANG_WARN_DIRECT_OBJC_ISA_USAGE = YES_ERROR;
				CLANG_WARN_DOCUMENTATION_COMMENTS = YES;
				CLANG_WARN_EMPTY_BODY = YES;
				CLANG_WARN_ENUM_CONVERSION = YES;
				CLANG_WARN_INFINITE_RECURSION = YES;
				CLANG_WARN_INT_CONVERSION = YES;
				CLANG_WARN_NON_LITERAL_NULL_CONVERSION = YES;
				CLANG_WARN_OBJC_LITERAL_CONVERSION = YES;
				CLANG_WARN_OBJC_ROOT_CLASS = YES_ERROR;
				CLANG_WARN_RANGE_LOOP_ANALYSIS = YES;
				CLANG_WARN_STRICT_PROTOTYPES = YES;
				CLANG_WARN_SUSPICIOUS_MOVE = YES;
				CLANG_WARN_UNGUARDED_AVAILABILITY = YES_AGGRESSIVE;
				CLANG_WARN_UNREACHABLE_CODE = YES;
				CLANG_WARN__DUPLICATE_METHOD_MATCH = YES;
				CODE_SIGN_IDENTITY = "iPhone Developer";
				COPY_PHASE_STRIP = NO;
				DEBUG_INFORMATION_FORMAT = "dwarf-with-dsym";
				ENABLE_NS_ASSERTIONS = NO;
				ENABLE_STRICT_OBJC_MSGSEND = YES;
				GCC_C_LANGUAGE_STANDARD = gnu11;
				GCC_NO_COMMON_BLOCKS = YES;
				GCC_WARN_64_TO_32_BIT_CONVERSION = YES;
				GCC_WARN_ABOUT_RETURN_TYPE = YES_ERROR;
				GCC_WARN_UNDECLARED_SELECTOR = YES;
				GCC_WARN_UNINITIALIZED_AUTOS = YES_AGGRESSIVE;
				GCC_WARN_UNUSED_FUNCTION = YES;
				GCC_WARN_UNUSED_VARIABLE = YES;
				IPHONEOS_DEPLOYMENT_TARGET = 11.2;
				MTL_ENABLE_DEBUG_INFO = NO;
				SDKROOT = iphoneos;
				VALIDATE_PRODUCT = YES;
			};
			name = Release;
		};
		8419493220996EE40038C6B0 /* Debug */ = {
			isa = XCBuildConfiguration;
			buildSettings = {
				ASSETCATALOG_COMPILER_APPICON_NAME = AppIcon;
				CODE_SIGN_STYLE = Automatic;
				DEVELOPMENT_TEAM = PT7KFKB77Y;
				INFOPLIST_FILE = QuanLyKTX/Info.plist;
				LD_RUNPATH_SEARCH_PATHS = "$(inherited) @executable_path/Frameworks";
				PRODUCT_BUNDLE_IDENTIFIER = com.wordpress.nguyenvannamdev.QuanLyKTX;
				PRODUCT_NAME = "$(TARGET_NAME)";
				TARGETED_DEVICE_FAMILY = "1,2";
			};
			name = Debug;
		};
		8419493320996EE40038C6B0 /* Release */ = {
			isa = XCBuildConfiguration;
			buildSettings = {
				ASSETCATALOG_COMPILER_APPICON_NAME = AppIcon;
				CODE_SIGN_STYLE = Automatic;
				DEVELOPMENT_TEAM = PT7KFKB77Y;
				INFOPLIST_FILE = QuanLyKTX/Info.plist;
				LD_RUNPATH_SEARCH_PATHS = "$(inherited) @executable_path/Frameworks";
				PRODUCT_BUNDLE_IDENTIFIER = com.wordpress.nguyenvannamdev.QuanLyKTX;
				PRODUCT_NAME = "$(TARGET_NAME)";
				TARGETED_DEVICE_FAMILY = "1,2";
			};
			name = Release;
		};
/* End XCBuildConfiguration section */

/* Begin XCConfigurationList section */
		8419491620996EE30038C6B0 /* Build configuration list for PBXProject "QuanLyKTX" */ = {
			isa = XCConfigurationList;
			buildConfigurations = (
				8419492F20996EE40038C6B0 /* Debug */,
				8419493020996EE40038C6B0 /* Release */,
			);
			defaultConfigurationIsVisible = 0;
			defaultConfigurationName = Release;
		};
		8419493120996EE40038C6B0 /* Build configuration list for PBXNativeTarget "QuanLyKTX" */ = {
			isa = XCConfigurationList;
			buildConfigurations = (
				8419493220996EE40038C6B0 /* Debug */,
				8419493320996EE40038C6B0 /* Release */,
			);
			defaultConfigurationIsVisible = 0;
			defaultConfigurationName = Release;
		};
/* End XCConfigurationList section */
	};
	rootObject = 8419491320996EE30038C6B0 /* Project object */;
}
