// !$*UTF8*$!
{
	archiveVersion = 1;
	classes = {
	};
	objectVersion = 48;
	objects = {

/* Begin PBXBuildFile section */
		84B0087220AAC7DB00E14938 /* AppDelegate.swift in Sources */ = {isa = PBXBuildFile; fileRef = 84B0087120AAC7DB00E14938 /* AppDelegate.swift */; };
		84B0087420AAC7DB00E14938 /* PhoneViewController.swift in Sources */ = {isa = PBXBuildFile; fileRef = 84B0087320AAC7DB00E14938 /* PhoneViewController.swift */; };
		84B0087720AAC7DB00E14938 /* Main.storyboard in Resources */ = {isa = PBXBuildFile; fileRef = 84B0087520AAC7DB00E14938 /* Main.storyboard */; };
		84B0087920AAC7DB00E14938 /* Assets.xcassets in Resources */ = {isa = PBXBuildFile; fileRef = 84B0087820AAC7DB00E14938 /* Assets.xcassets */; };
		84B0087C20AAC7DB00E14938 /* LaunchScreen.storyboard in Resources */ = {isa = PBXBuildFile; fileRef = 84B0087A20AAC7DB00E14938 /* LaunchScreen.storyboard */; };
		84B0088620AAC8C100E14938 /* MoneyType.swift in Sources */ = {isa = PBXBuildFile; fileRef = 84B0088520AAC8C100E14938 /* MoneyType.swift */; };
		84B0088920AACCDC00E14938 /* PhoneTableViewCell.swift in Sources */ = {isa = PBXBuildFile; fileRef = 84B0088820AACCDC00E14938 /* PhoneTableViewCell.swift */; };
		84B0088C20AACD9400E14938 /* Phone.swift in Sources */ = {isa = PBXBuildFile; fileRef = 84B0088B20AACD9400E14938 /* Phone.swift */; };
		84B0088E20AAD75B00E14938 /* SettingViewController.swift in Sources */ = {isa = PBXBuildFile; fileRef = 84B0088D20AAD75B00E14938 /* SettingViewController.swift */; };
		84B0089020AAD7CF00E14938 /* AddPhoneViewController.swift in Sources */ = {isa = PBXBuildFile; fileRef = 84B0088F20AAD7CF00E14938 /* AddPhoneViewController.swift */; };
		84B0089220AADCA800E14938 /* PhoneDelegate.swift in Sources */ = {isa = PBXBuildFile; fileRef = 84B0089120AADCA800E14938 /* PhoneDelegate.swift */; };
		84B9A76620AB0606006B1C4C /* Currency.swift in Sources */ = {isa = PBXBuildFile; fileRef = 84B9A76520AB0606006B1C4C /* Currency.swift */; };
		84B9A76920AB179F006B1C4C /* Formatter+formatWithUnderDot.swift in Sources */ = {isa = PBXBuildFile; fileRef = 84B9A76820AB179F006B1C4C /* Formatter+formatWithUnderDot.swift */; };
		84D895CA20AEB78B001A6FC5 /* Int+Currency.swift in Sources */ = {isa = PBXBuildFile; fileRef = 84D895C920AEB78B001A6FC5 /* Int+Currency.swift */; };
/* End PBXBuildFile section */

/* Begin PBXFileReference section */
		84B0086E20AAC7DB00E14938 /* ThirdDemo.app */ = {isa = PBXFileReference; explicitFileType = wrapper.application; includeInIndex = 0; path = ThirdDemo.app; sourceTree = BUILT_PRODUCTS_DIR; };
		84B0087120AAC7DB00E14938 /* AppDelegate.swift */ = {isa = PBXFileReference; lastKnownFileType = sourcecode.swift; path = AppDelegate.swift; sourceTree = "<group>"; };
		84B0087320AAC7DB00E14938 /* PhoneViewController.swift */ = {isa = PBXFileReference; lastKnownFileType = sourcecode.swift; path = PhoneViewController.swift; sourceTree = "<group>"; };
		84B0087620AAC7DB00E14938 /* Base */ = {isa = PBXFileReference; lastKnownFileType = file.storyboard; name = Base; path = Base.lproj/Main.storyboard; sourceTree = "<group>"; };
		84B0087820AAC7DB00E14938 /* Assets.xcassets */ = {isa = PBXFileReference; lastKnownFileType = folder.assetcatalog; path = Assets.xcassets; sourceTree = "<group>"; };
		84B0087B20AAC7DB00E14938 /* Base */ = {isa = PBXFileReference; lastKnownFileType = file.storyboard; name = Base; path = Base.lproj/LaunchScreen.storyboard; sourceTree = "<group>"; };
		84B0087D20AAC7DB00E14938 /* Info.plist */ = {isa = PBXFileReference; lastKnownFileType = text.plist.xml; path = Info.plist; sourceTree = "<group>"; };
		84B0088520AAC8C100E14938 /* MoneyType.swift */ = {isa = PBXFileReference; lastKnownFileType = sourcecode.swift; path = MoneyType.swift; sourceTree = "<group>"; };
		84B0088820AACCDC00E14938 /* PhoneTableViewCell.swift */ = {isa = PBXFileReference; lastKnownFileType = sourcecode.swift; path = PhoneTableViewCell.swift; sourceTree = "<group>"; };
		84B0088B20AACD9400E14938 /* Phone.swift */ = {isa = PBXFileReference; lastKnownFileType = sourcecode.swift; path = Phone.swift; sourceTree = "<group>"; };
		84B0088D20AAD75B00E14938 /* SettingViewController.swift */ = {isa = PBXFileReference; lastKnownFileType = sourcecode.swift; path = SettingViewController.swift; sourceTree = "<group>"; };
		84B0088F20AAD7CF00E14938 /* AddPhoneViewController.swift */ = {isa = PBXFileReference; lastKnownFileType = sourcecode.swift; path = AddPhoneViewController.swift; sourceTree = "<group>"; };
		84B0089120AADCA800E14938 /* PhoneDelegate.swift */ = {isa = PBXFileReference; lastKnownFileType = sourcecode.swift; path = PhoneDelegate.swift; sourceTree = "<group>"; };
		84B9A76520AB0606006B1C4C /* Currency.swift */ = {isa = PBXFileReference; lastKnownFileType = sourcecode.swift; path = Currency.swift; sourceTree = "<group>"; };
		84B9A76820AB179F006B1C4C /* Formatter+formatWithUnderDot.swift */ = {isa = PBXFileReference; lastKnownFileType = sourcecode.swift; path = "Formatter+formatWithUnderDot.swift"; sourceTree = "<group>"; };
		84D895C920AEB78B001A6FC5 /* Int+Currency.swift */ = {isa = PBXFileReference; lastKnownFileType = sourcecode.swift; path = "Int+Currency.swift"; sourceTree = "<group>"; };
/* End PBXFileReference section */

/* Begin PBXFrameworksBuildPhase section */
		84B0086B20AAC7DB00E14938 /* Frameworks */ = {
			isa = PBXFrameworksBuildPhase;
			buildActionMask = 2147483647;
			files = (
			);
			runOnlyForDeploymentPostprocessing = 0;
		};
/* End PBXFrameworksBuildPhase section */

/* Begin PBXGroup section */
		84B0086520AAC7DB00E14938 = {
			isa = PBXGroup;
			children = (
				84B0087020AAC7DB00E14938 /* ThirdDemo */,
				84B0086F20AAC7DB00E14938 /* Products */,
			);
			sourceTree = "<group>";
		};
		84B0086F20AAC7DB00E14938 /* Products */ = {
			isa = PBXGroup;
			children = (
				84B0086E20AAC7DB00E14938 /* ThirdDemo.app */,
			);
			name = Products;
			sourceTree = "<group>";
		};
		84B0087020AAC7DB00E14938 /* ThirdDemo */ = {
			isa = PBXGroup;
			children = (
				84B0088A20AACD8700E14938 /* Models */,
				84B0088720AACC8700E14938 /* Cells */,
				84B0088320AAC7F900E14938 /* Enums */,
				84B0088420AAC80A00E14938 /* ViewControllers */,
				84B9A76720AB1749006B1C4C /* Extensions */,
				84B0087120AAC7DB00E14938 /* AppDelegate.swift */,
				84B0087520AAC7DB00E14938 /* Main.storyboard */,
				84B0087820AAC7DB00E14938 /* Assets.xcassets */,
				84B0087A20AAC7DB00E14938 /* LaunchScreen.storyboard */,
				84B0087D20AAC7DB00E14938 /* Info.plist */,
			);
			path = ThirdDemo;
			sourceTree = "<group>";
		};
		84B0088320AAC7F900E14938 /* Enums */ = {
			isa = PBXGroup;
			children = (
				84B0088520AAC8C100E14938 /* MoneyType.swift */,
				84B9A76520AB0606006B1C4C /* Currency.swift */,
			);
			path = Enums;
			sourceTree = "<group>";
		};
		84B0088420AAC80A00E14938 /* ViewControllers */ = {
			isa = PBXGroup;
			children = (
				84B0087320AAC7DB00E14938 /* PhoneViewController.swift */,
				84B0088F20AAD7CF00E14938 /* AddPhoneViewController.swift */,
				84B0088D20AAD75B00E14938 /* SettingViewController.swift */,
			);
			path = ViewControllers;
			sourceTree = "<group>";
		};
		84B0088720AACC8700E14938 /* Cells */ = {
			isa = PBXGroup;
			children = (
				84B0088820AACCDC00E14938 /* PhoneTableViewCell.swift */,
			);
			path = Cells;
			sourceTree = "<group>";
		};
		84B0088A20AACD8700E14938 /* Models */ = {
			isa = PBXGroup;
			children = (
				84B0088B20AACD9400E14938 /* Phone.swift */,
				84B0089120AADCA800E14938 /* PhoneDelegate.swift */,
			);
			path = Models;
			sourceTree = "<group>";
		};
		84B9A76720AB1749006B1C4C /* Extensions */ = {
			isa = PBXGroup;
			children = (
				84B9A76820AB179F006B1C4C /* Formatter+formatWithUnderDot.swift */,
				84D895C920AEB78B001A6FC5 /* Int+Currency.swift */,
			);
			path = Extensions;
			sourceTree = "<group>";
		};
/* End PBXGroup section */

/* Begin PBXNativeTarget section */
		84B0086D20AAC7DB00E14938 /* ThirdDemo */ = {
			isa = PBXNativeTarget;
			buildConfigurationList = 84B0088020AAC7DB00E14938 /* Build configuration list for PBXNativeTarget "ThirdDemo" */;
			buildPhases = (
				84B0086A20AAC7DB00E14938 /* Sources */,
				84B0086B20AAC7DB00E14938 /* Frameworks */,
				84B0086C20AAC7DB00E14938 /* Resources */,
			);
			buildRules = (
			);
			dependencies = (
			);
			name = ThirdDemo;
			productName = ThirdDemo;
			productReference = 84B0086E20AAC7DB00E14938 /* ThirdDemo.app */;
			productType = "com.apple.product-type.application";
		};
/* End PBXNativeTarget section */

/* Begin PBXProject section */
		84B0086620AAC7DB00E14938 /* Project object */ = {
			isa = PBXProject;
			attributes = {
				LastSwiftUpdateCheck = 0920;
				LastUpgradeCheck = 0920;
				ORGANIZATIONNAME = "Nguyen Nam";
				TargetAttributes = {
					84B0086D20AAC7DB00E14938 = {
						CreatedOnToolsVersion = 9.2;
						ProvisioningStyle = Automatic;
					};
				};
			};
			buildConfigurationList = 84B0086920AAC7DB00E14938 /* Build configuration list for PBXProject "ThirdDemo" */;
			compatibilityVersion = "Xcode 8.0";
			developmentRegion = en;
			hasScannedForEncodings = 0;
			knownRegions = (
				en,
				Base,
			);
			mainGroup = 84B0086520AAC7DB00E14938;
			productRefGroup = 84B0086F20AAC7DB00E14938 /* Products */;
			projectDirPath = "";
			projectRoot = "";
			targets = (
				84B0086D20AAC7DB00E14938 /* ThirdDemo */,
			);
		};
/* End PBXProject section */

/* Begin PBXResourcesBuildPhase section */
		84B0086C20AAC7DB00E14938 /* Resources */ = {
			isa = PBXResourcesBuildPhase;
			buildActionMask = 2147483647;
			files = (
				84B0087C20AAC7DB00E14938 /* LaunchScreen.storyboard in Resources */,
				84B0087920AAC7DB00E14938 /* Assets.xcassets in Resources */,
				84B0087720AAC7DB00E14938 /* Main.storyboard in Resources */,
			);
			runOnlyForDeploymentPostprocessing = 0;
		};
/* End PBXResourcesBuildPhase section */

/* Begin PBXSourcesBuildPhase section */
		84B0086A20AAC7DB00E14938 /* Sources */ = {
			isa = PBXSourcesBuildPhase;
			buildActionMask = 2147483647;
			files = (
				84B9A76620AB0606006B1C4C /* Currency.swift in Sources */,
				84B0089020AAD7CF00E14938 /* AddPhoneViewController.swift in Sources */,
				84B0088C20AACD9400E14938 /* Phone.swift in Sources */,
				84B0088920AACCDC00E14938 /* PhoneTableViewCell.swift in Sources */,
				84B0089220AADCA800E14938 /* PhoneDelegate.swift in Sources */,
				84B0087420AAC7DB00E14938 /* PhoneViewController.swift in Sources */,
				84B9A76920AB179F006B1C4C /* Formatter+formatWithUnderDot.swift in Sources */,
				84D895CA20AEB78B001A6FC5 /* Int+Currency.swift in Sources */,
				84B0088620AAC8C100E14938 /* MoneyType.swift in Sources */,
				84B0087220AAC7DB00E14938 /* AppDelegate.swift in Sources */,
				84B0088E20AAD75B00E14938 /* SettingViewController.swift in Sources */,
			);
			runOnlyForDeploymentPostprocessing = 0;
		};
/* End PBXSourcesBuildPhase section */

/* Begin PBXVariantGroup section */
		84B0087520AAC7DB00E14938 /* Main.storyboard */ = {
			isa = PBXVariantGroup;
			children = (
				84B0087620AAC7DB00E14938 /* Base */,
			);
			name = Main.storyboard;
			sourceTree = "<group>";
		};
		84B0087A20AAC7DB00E14938 /* LaunchScreen.storyboard */ = {
			isa = PBXVariantGroup;
			children = (
				84B0087B20AAC7DB00E14938 /* Base */,
			);
			name = LaunchScreen.storyboard;
			sourceTree = "<group>";
		};
/* End PBXVariantGroup section */

/* Begin XCBuildConfiguration section */
		84B0087E20AAC7DB00E14938 /* Debug */ = {
			isa = XCBuildConfiguration;
			buildSettings = {
				ALWAYS_SEARCH_USER_PATHS = NO;
				CLANG_ANALYZER_NONNULL = YES;
				CLANG_ANALYZER_NUMBER_OBJECT_CONVERSION = YES_AGGRESSIVE;
				CLANG_CXX_LANGUAGE_STANDARD = "gnu++14";
				CLANG_CXX_LIBRARY = "libc++";
				CLANG_ENABLE_MODULES = YES;
				CLANG_ENABLE_OBJC_ARC = YES;
				CLANG_WARN_BLOCK_CAPTURE_AUTORELEASING = YES;
				CLANG_WARN_BOOL_CONVERSION = YES;
				CLANG_WARN_COMMA = YES;
				CLANG_WARN_CONSTANT_CONVERSION = YES;
				CLANG_WARN_DIRECT_OBJC_ISA_USAGE = YES_ERROR;
				CLANG_WARN_DOCUMENTATION_COMMENTS = YES;
				CLANG_WARN_EMPTY_BODY = YES;
				CLANG_WARN_ENUM_CONVERSION = YES;
				CLANG_WARN_INFINITE_RECURSION = YES;
				CLANG_WARN_INT_CONVERSION = YES;
				CLANG_WARN_NON_LITERAL_NULL_CONVERSION = YES;
				CLANG_WARN_OBJC_LITERAL_CONVERSION = YES;
				CLANG_WARN_OBJC_ROOT_CLASS = YES_ERROR;
				CLANG_WARN_RANGE_LOOP_ANALYSIS = YES;
				CLANG_WARN_STRICT_PROTOTYPES = YES;
				CLANG_WARN_SUSPICIOUS_MOVE = YES;
				CLANG_WARN_UNGUARDED_AVAILABILITY = YES_AGGRESSIVE;
				CLANG_WARN_UNREACHABLE_CODE = YES;
				CLANG_WARN__DUPLICATE_METHOD_MATCH = YES;
				CODE_SIGN_IDENTITY = "iPhone Developer";
				COPY_PHASE_STRIP = NO;
				DEBUG_INFORMATION_FORMAT = dwarf;
				ENABLE_STRICT_OBJC_MSGSEND = YES;
				ENABLE_TESTABILITY = YES;
				GCC_C_LANGUAGE_STANDARD = gnu11;
				GCC_DYNAMIC_NO_PIC = NO;
				GCC_NO_COMMON_BLOCKS = YES;
				GCC_OPTIMIZATION_LEVEL = 0;
				GCC_PREPROCESSOR_DEFINITIONS = (
					"DEBUG=1",
					"$(inherited)",
				);
				GCC_WARN_64_TO_32_BIT_CONVERSION = YES;
				GCC_WARN_ABOUT_RETURN_TYPE = YES_ERROR;
				GCC_WARN_UNDECLARED_SELECTOR = YES;
				GCC_WARN_UNINITIALIZED_AUTOS = YES_AGGRESSIVE;
				GCC_WARN_UNUSED_FUNCTION = YES;
				GCC_WARN_UNUSED_VARIABLE = YES;
				IPHONEOS_DEPLOYMENT_TARGET = 11.2;
				MTL_ENABLE_DEBUG_INFO = YES;
				ONLY_ACTIVE_ARCH = YES;
				SDKROOT = iphoneos;
				SWIFT_ACTIVE_COMPILATION_CONDITIONS = DEBUG;
				SWIFT_OPTIMIZATION_LEVEL = "-Onone";
			};
			name = Debug;
		};
		84B0087F20AAC7DB00E14938 /* Release */ = {
			isa = XCBuildConfiguration;
			buildSettings = {
				ALWAYS_SEARCH_USER_PATHS = NO;
				CLANG_ANALYZER_NONNULL = YES;
				CLANG_ANALYZER_NUMBER_OBJECT_CONVERSION = YES_AGGRESSIVE;
				CLANG_CXX_LANGUAGE_STANDARD = "gnu++14";
				CLANG_CXX_LIBRARY = "libc++";
				CLANG_ENABLE_MODULES = YES;
				CLANG_ENABLE_OBJC_ARC = YES;
				CLANG_WARN_BLOCK_CAPTURE_AUTORELEASING = YES;
				CLANG_WARN_BOOL_CONVERSION = YES;
				CLANG_WARN_COMMA = YES;
				CLANG_WARN_CONSTANT_CONVERSION = YES;
				CLANG_WARN_DIRECT_OBJC_ISA_USAGE = YES_ERROR;
				CLANG_WARN_DOCUMENTATION_COMMENTS = YES;
				CLANG_WARN_EMPTY_BODY = YES;
				CLANG_WARN_ENUM_CONVERSION = YES;
				CLANG_WARN_INFINITE_RECURSION = YES;
				CLANG_WARN_INT_CONVERSION = YES;
				CLANG_WARN_NON_LITERAL_NULL_CONVERSION = YES;
				CLANG_WARN_OBJC_LITERAL_CONVERSION = YES;
				CLANG_WARN_OBJC_ROOT_CLASS = YES_ERROR;
				CLANG_WARN_RANGE_LOOP_ANALYSIS = YES;
				CLANG_WARN_STRICT_PROTOTYPES = YES;
				CLANG_WARN_SUSPICIOUS_MOVE = YES;
				CLANG_WARN_UNGUARDED_AVAILABILITY = YES_AGGRESSIVE;
				CLANG_WARN_UNREACHABLE_CODE = YES;
				CLANG_WARN__DUPLICATE_METHOD_MATCH = YES;
				CODE_SIGN_IDENTITY = "iPhone Developer";
				COPY_PHASE_STRIP = NO;
				DEBUG_INFORMATION_FORMAT = "dwarf-with-dsym";
				ENABLE_NS_ASSERTIONS = NO;
				ENABLE_STRICT_OBJC_MSGSEND = YES;
				GCC_C_LANGUAGE_STANDARD = gnu11;
				GCC_NO_COMMON_BLOCKS = YES;
				GCC_WARN_64_TO_32_BIT_CONVERSION = YES;
				GCC_WARN_ABOUT_RETURN_TYPE = YES_ERROR;
				GCC_WARN_UNDECLARED_SELECTOR = YES;
				GCC_WARN_UNINITIALIZED_AUTOS = YES_AGGRESSIVE;
				GCC_WARN_UNUSED_FUNCTION = YES;
				GCC_WARN_UNUSED_VARIABLE = YES;
				IPHONEOS_DEPLOYMENT_TARGET = 11.2;
				MTL_ENABLE_DEBUG_INFO = NO;
				SDKROOT = iphoneos;
				SWIFT_OPTIMIZATION_LEVEL = "-Owholemodule";
				VALIDATE_PRODUCT = YES;
			};
			name = Release;
		};
		84B0088120AAC7DB00E14938 /* Debug */ = {
			isa = XCBuildConfiguration;
			buildSettings = {
				ASSETCATALOG_COMPILER_APPICON_NAME = AppIcon;
				CODE_SIGN_STYLE = Automatic;
				DEVELOPMENT_TEAM = PT7KFKB77Y;
				INFOPLIST_FILE = ThirdDemo/Info.plist;
				LD_RUNPATH_SEARCH_PATHS = "$(inherited) @executable_path/Frameworks";
				PRODUCT_BUNDLE_IDENTIFIER = com.wordpress.nguyenvannamdev.ThirdDemo;
				PRODUCT_NAME = "$(TARGET_NAME)";
				SWIFT_VERSION = 4.0;
				TARGETED_DEVICE_FAMILY = "1,2";
			};
			name = Debug;
		};
		84B0088220AAC7DB00E14938 /* Release */ = {
			isa = XCBuildConfiguration;
			buildSettings = {
				ASSETCATALOG_COMPILER_APPICON_NAME = AppIcon;
				CODE_SIGN_STYLE = Automatic;
				DEVELOPMENT_TEAM = PT7KFKB77Y;
				INFOPLIST_FILE = ThirdDemo/Info.plist;
				LD_RUNPATH_SEARCH_PATHS = "$(inherited) @executable_path/Frameworks";
				PRODUCT_BUNDLE_IDENTIFIER = com.wordpress.nguyenvannamdev.ThirdDemo;
				PRODUCT_NAME = "$(TARGET_NAME)";
				SWIFT_VERSION = 4.0;
				TARGETED_DEVICE_FAMILY = "1,2";
			};
			name = Release;
		};
/* End XCBuildConfiguration section */

/* Begin XCConfigurationList section */
		84B0086920AAC7DB00E14938 /* Build configuration list for PBXProject "ThirdDemo" */ = {
			isa = XCConfigurationList;
			buildConfigurations = (
				84B0087E20AAC7DB00E14938 /* Debug */,
				84B0087F20AAC7DB00E14938 /* Release */,
			);
			defaultConfigurationIsVisible = 0;
			defaultConfigurationName = Release;
		};
		84B0088020AAC7DB00E14938 /* Build configuration list for PBXNativeTarget "ThirdDemo" */ = {
			isa = XCConfigurationList;
			buildConfigurations = (
				84B0088120AAC7DB00E14938 /* Debug */,
				84B0088220AAC7DB00E14938 /* Release */,
			);
			defaultConfigurationIsVisible = 0;
			defaultConfigurationName = Release;
		};
/* End XCConfigurationList section */
	};
	rootObject = 84B0086620AAC7DB00E14938 /* Project object */;
}
